
Microsoft Visual Studio Solution File, Format Version 12.00
# Visual Studio Version 17
VisualStudioVersion = 17.14.36915.13 d17.14
MinimumVisualStudioVersion = 10.0.40219.1
Project("{FAE04EC0-301F-11D3-BF4B-00C04F79EFBC}") = "Licență_sper", "Licență_sper\Licență_sper.csproj", "{5E187340-694E-4F76-97C0-D9C72F8C79CE}"
EndProject
Global
	GlobalSection(SolutionConfigurationPlatforms) = preSolution
		Debug|Any CPU = Debug|Any CPU
		Release|Any CPU = Release|Any CPU
	EndGlobalSection
	GlobalSection(ProjectConfigurationPlatforms) = postSolution
		{5E187340-694E-4F76-97C0-D9C72F8C79CE}.Debug|Any CPU.ActiveCfg = Debug|Any CPU
		{5E187340-694E-4F76-97C0-D9C72F8C79CE}.Debug|Any CPU.Build.0 = Debug|Any CPU
		{5E187340-694E-4F76-97C0-D9C72F8C79CE}.Release|Any CPU.ActiveCfg = Release|Any CPU
		{5E187340-694E-4F76-97C0-D9C72F8C79CE}.Release|Any CPU.Build.0 = Release|Any CPU
	EndGlobalSection
	GlobalSection(SolutionProperties) = preSolution
		HideSolutionNode = FALSE
	EndGlobalSection
	GlobalSection(ExtensibilityGlobals) = postSolution
		SolutionGuid = {D13C008E-CF59-40BE-819E-21F490953016}
	EndGlobalSection
EndGlobal
